
Microsoft Visual Studio Solution File, Format Version 12.00
# Visual Studio Version 16
VisualStudioVersion = 16.0.29306.81
MinimumVisualStudioVersion = 10.0.40219.1
Project("{FAE04EC0-301F-11D3-BF4B-00C04F79EFBC}") = "InterfaceLabDevX", "InterfaceLabDevX\InterfaceLabDevX.csproj", "{D2F70937-1CFC-4382-A46D-3F55F1833FE2}"
EndProject
Global
	GlobalSection(SolutionConfigurationPlatforms) = preSolution
		Debug|Any CPU = Debug|Any CPU
		Release|Any CPU = Release|Any CPU
	EndGlobalSection
	GlobalSection(ProjectConfigurationPlatforms) = postSolution
		{D2F70937-1CFC-4382-A46D-3F55F1833FE2}.Debug|Any CPU.ActiveCfg = Debug|Any CPU
		{D2F70937-1CFC-4382-A46D-3F55F1833FE2}.Debug|Any CPU.Build.0 = Debug|Any CPU
		{D2F70937-1CFC-4382-A46D-3F55F1833FE2}.Release|Any CPU.ActiveCfg = Release|Any CPU
		{D2F70937-1CFC-4382-A46D-3F55F1833FE2}.Release|Any CPU.Build.0 = Release|Any CPU
	EndGlobalSection
	GlobalSection(SolutionProperties) = preSolution
		HideSolutionNode = FALSE
	EndGlobalSection
	GlobalSection(ExtensibilityGlobals) = postSolution
		SolutionGuid = {0D4A353C-F8C4-4F55-A610-94780E1FF0A1}
	EndGlobalSection
EndGlobal
